
Microsoft Visual Studio Solution File, Format Version 12.00
Project("{FAE04EC0-301F-11D3-BF4B-00C04F79EFBC}") = "CardCollector", "CardCollector.csproj", "{CA8A1A93-CA75-4071-959D-090257360268}"
EndProject
Global
	GlobalSection(SolutionConfigurationPlatforms) = preSolution
		Debug|Any CPU = Debug|Any CPU
		Release|Any CPU = Release|Any CPU
	EndGlobalSection
	GlobalSection(ProjectConfigurationPlatforms) = postSolution
		{CA8A1A93-CA75-4071-959D-090257360268}.Debug|Any CPU.ActiveCfg = Debug|Any CPU
		{CA8A1A93-CA75-4071-959D-090257360268}.Debug|Any CPU.Build.0 = Debug|Any CPU
		{CA8A1A93-CA75-4071-959D-090257360268}.Release|Any CPU.ActiveCfg = Release|Any CPU
		{CA8A1A93-CA75-4071-959D-090257360268}.Release|Any CPU.Build.0 = Release|Any CPU
	EndGlobalSection
EndGlobal
